
Microsoft Visual Studio Solution File, Format Version 12.00
# Visual Studio Version 17
VisualStudioVersion = 17.0.31903.59
MinimumVisualStudioVersion = 10.0.40219.1
Project("{9A19103F-16F7-4668-BE54-9A1E7A4F7556}") = "Kakt.Modding.Cli", "Kakt.Modding.Cli\Kakt.Modding.Cli.csproj", "{53889589-F97B-4C34-B119-41DDD596BE9A}"
EndProject
Project("{2150E333-8FDC-42A3-9474-1A3956D46DE8}") = "Solution Items", "Solution Items", "{AB391225-971A-4CBC-A0EC-2D99CD84F18C}"
	ProjectSection(SolutionItems) = preProject
		.editorconfig = .editorconfig
		README.md = README.md
	EndProjectSection
EndProject
Project("{9A19103F-16F7-4668-BE54-9A1E7A4F7556}") = "Kakt.Modding.Configuration", "Kakt.Modding.Configuration\Kakt.Modding.Configuration.csproj", "{2544EA1C-2AB8-4501-8E9C-6246FE2FD645}"
EndProject
Project("{9A19103F-16F7-4668-BE54-9A1E7A4F7556}") = "Kakt.Modding.Application", "Kakt.Modding.Application\Kakt.Modding.Application.csproj", "{0CC35A9C-2339-4E02-A9DA-4C6957D0E6DA}"
EndProject
Project("{9A19103F-16F7-4668-BE54-9A1E7A4F7556}") = "Kakt.Modding.Domain", "Kakt.Modding.Domain\Kakt.Modding.Domain.csproj", "{6EB03DDD-B2DD-4A68-92D9-5571962A8EAA}"
EndProject
Global
	GlobalSection(SolutionConfigurationPlatforms) = preSolution
		Debug|Any CPU = Debug|Any CPU
		Release|Any CPU = Release|Any CPU
	EndGlobalSection
	GlobalSection(ProjectConfigurationPlatforms) = postSolution
		{53889589-F97B-4C34-B119-41DDD596BE9A}.Debug|Any CPU.ActiveCfg = Debug|Any CPU
		{53889589-F97B-4C34-B119-41DDD596BE9A}.Debug|Any CPU.Build.0 = Debug|Any CPU
		{53889589-F97B-4C34-B119-41DDD596BE9A}.Release|Any CPU.ActiveCfg = Release|Any CPU
		{53889589-F97B-4C34-B119-41DDD596BE9A}.Release|Any CPU.Build.0 = Release|Any CPU
		{2544EA1C-2AB8-4501-8E9C-6246FE2FD645}.Debug|Any CPU.ActiveCfg = Debug|Any CPU
		{2544EA1C-2AB8-4501-8E9C-6246FE2FD645}.Debug|Any CPU.Build.0 = Debug|Any CPU
		{2544EA1C-2AB8-4501-8E9C-6246FE2FD645}.Release|Any CPU.ActiveCfg = Release|Any CPU
		{2544EA1C-2AB8-4501-8E9C-6246FE2FD645}.Release|Any CPU.Build.0 = Release|Any CPU
		{0CC35A9C-2339-4E02-A9DA-4C6957D0E6DA}.Debug|Any CPU.ActiveCfg = Debug|Any CPU
		{0CC35A9C-2339-4E02-A9DA-4C6957D0E6DA}.Debug|Any CPU.Build.0 = Debug|Any CPU
		{0CC35A9C-2339-4E02-A9DA-4C6957D0E6DA}.Release|Any CPU.ActiveCfg = Release|Any CPU
		{0CC35A9C-2339-4E02-A9DA-4C6957D0E6DA}.Release|Any CPU.Build.0 = Release|Any CPU
		{6EB03DDD-B2DD-4A68-92D9-5571962A8EAA}.Debug|Any CPU.ActiveCfg = Debug|Any CPU
		{6EB03DDD-B2DD-4A68-92D9-5571962A8EAA}.Debug|Any CPU.Build.0 = Debug|Any CPU
		{6EB03DDD-B2DD-4A68-92D9-5571962A8EAA}.Release|Any CPU.ActiveCfg = Release|Any CPU
		{6EB03DDD-B2DD-4A68-92D9-5571962A8EAA}.Release|Any CPU.Build.0 = Release|Any CPU
	EndGlobalSection
	GlobalSection(SolutionProperties) = preSolution
		HideSolutionNode = FALSE
	EndGlobalSection
	GlobalSection(ExtensibilityGlobals) = postSolution
		SolutionGuid = {EC48D03A-8D9A-4AD6-A180-3C387F251F3F}
	EndGlobalSection
EndGlobal
